// !$*UTF8*$!
{
	archiveVersion = 1;
	classes = {
	};
	objectVersion = 46;
	objects = {

/* Begin PBXBuildFile section */
		2D235BF61EE4AFFB003F7F1A /* gestionMessages.swift in Sources */ = {isa = PBXBuildFile; fileRef = 2D235BF51EE4AFFB003F7F1A /* gestionMessages.swift */; };
		2D235BFF1EE4B126003F7F1A /* jarvis.png in Resources */ = {isa = PBXBuildFile; fileRef = 2D235BF81EE4B126003F7F1A /* jarvis.png */; };
		2D235C001EE4B126003F7F1A /* jarvisWhite.png in Resources */ = {isa = PBXBuildFile; fileRef = 2D235BF91EE4B126003F7F1A /* jarvisWhite.png */; };
		2D235C011EE4B126003F7F1A /* iconeOption.png in Resources */ = {isa = PBXBuildFile; fileRef = 2D235BFA1EE4B126003F7F1A /* iconeOption.png */; };
		2D235C021EE4B126003F7F1A /* blueBulle.png in Resources */ = {isa = PBXBuildFile; fileRef = 2D235BFB1EE4B126003F7F1A /* blueBulle.png */; };
		2D235C031EE4B126003F7F1A /* whiteBulle.png in Resources */ = {isa = PBXBuildFile; fileRef = 2D235BFC1EE4B126003F7F1A /* whiteBulle.png */; };
		2D235C041EE4B126003F7F1A /* microphone.png in Resources */ = {isa = PBXBuildFile; fileRef = 2D235BFD1EE4B126003F7F1A /* microphone.png */; };
		2D235C051EE4B126003F7F1A /* engrenage.png in Resources */ = {isa = PBXBuildFile; fileRef = 2D235BFE1EE4B126003F7F1A /* engrenage.png */; };
		2D34E20B1EE45EA000D84B15 /* AppDelegate.swift in Sources */ = {isa = PBXBuildFile; fileRef = 2D34E20A1EE45EA000D84B15 /* AppDelegate.swift */; };
		2D34E20D1EE45EA000D84B15 /* ViewController.swift in Sources */ = {isa = PBXBuildFile; fileRef = 2D34E20C1EE45EA000D84B15 /* ViewController.swift */; };
		2D34E2101EE45EA000D84B15 /* Main.storyboard in Resources */ = {isa = PBXBuildFile; fileRef = 2D34E20E1EE45EA000D84B15 /* Main.storyboard */; };
		2D34E2121EE45EA000D84B15 /* Assets.xcassets in Resources */ = {isa = PBXBuildFile; fileRef = 2D34E2111EE45EA000D84B15 /* Assets.xcassets */; };
		2D34E2151EE45EA000D84B15 /* LaunchScreen.storyboard in Resources */ = {isa = PBXBuildFile; fileRef = 2D34E2131EE45EA000D84B15 /* LaunchScreen.storyboard */; };
		DC9FF098A3EE4F552E2E424E /* Pods_openjarvis.framework in Frameworks */ = {isa = PBXBuildFile; fileRef = B59CFB2BD4C5847A73AA2DF2 /* Pods_openjarvis.framework */; };
/* End PBXBuildFile section */

/* Begin PBXFileReference section */
		2D235BF51EE4AFFB003F7F1A /* gestionMessages.swift */ = {isa = PBXFileReference; fileEncoding = 4; lastKnownFileType = sourcecode.swift; path = gestionMessages.swift; sourceTree = "<group>"; };
		2D235BF81EE4B126003F7F1A /* jarvis.png */ = {isa = PBXFileReference; lastKnownFileType = image.png; path = jarvis.png; sourceTree = "<group>"; };
		2D235BF91EE4B126003F7F1A /* jarvisWhite.png */ = {isa = PBXFileReference; lastKnownFileType = image.png; path = jarvisWhite.png; sourceTree = "<group>"; };
		2D235BFA1EE4B126003F7F1A /* iconeOption.png */ = {isa = PBXFileReference; lastKnownFileType = image.png; path = iconeOption.png; sourceTree = "<group>"; };
		2D235BFB1EE4B126003F7F1A /* blueBulle.png */ = {isa = PBXFileReference; lastKnownFileType = image.png; path = blueBulle.png; sourceTree = "<group>"; };
		2D235BFC1EE4B126003F7F1A /* whiteBulle.png */ = {isa = PBXFileReference; lastKnownFileType = image.png; path = whiteBulle.png; sourceTree = "<group>"; };
		2D235BFD1EE4B126003F7F1A /* microphone.png */ = {isa = PBXFileReference; lastKnownFileType = image.png; path = microphone.png; sourceTree = "<group>"; };
		2D235BFE1EE4B126003F7F1A /* engrenage.png */ = {isa = PBXFileReference; lastKnownFileType = image.png; path = engrenage.png; sourceTree = "<group>"; };
		2D34E2071EE45EA000D84B15 /* openjarvis.app */ = {isa = PBXFileReference; explicitFileType = wrapper.application; includeInIndex = 0; path = openjarvis.app; sourceTree = BUILT_PRODUCTS_DIR; };
		2D34E20A1EE45EA000D84B15 /* AppDelegate.swift */ = {isa = PBXFileReference; lastKnownFileType = sourcecode.swift; path = AppDelegate.swift; sourceTree = "<group>"; };
		2D34E20C1EE45EA000D84B15 /* ViewController.swift */ = {isa = PBXFileReference; lastKnownFileType = sourcecode.swift; path = ViewController.swift; sourceTree = "<group>"; };
		2D34E20F1EE45EA000D84B15 /* Base */ = {isa = PBXFileReference; lastKnownFileType = file.storyboard; name = Base; path = Base.lproj/Main.storyboard; sourceTree = "<group>"; };
		2D34E2111EE45EA000D84B15 /* Assets.xcassets */ = {isa = PBXFileReference; lastKnownFileType = folder.assetcatalog; path = Assets.xcassets; sourceTree = "<group>"; };
		2D34E2141EE45EA000D84B15 /* Base */ = {isa = PBXFileReference; lastKnownFileType = file.storyboard; name = Base; path = Base.lproj/LaunchScreen.storyboard; sourceTree = "<group>"; };
		2D34E2161EE45EA000D84B15 /* Info.plist */ = {isa = PBXFileReference; lastKnownFileType = text.plist.xml; path = Info.plist; sourceTree = "<group>"; };
		2D34E21C1EE4671400D84B15 /* openjarvis.entitlements */ = {isa = PBXFileReference; lastKnownFileType = text.plist.entitlements; path = openjarvis.entitlements; sourceTree = "<group>"; };
		32A2250CBC7A623B983F01CC /* Pods-openjarvis.debug.xcconfig */ = {isa = PBXFileReference; includeInIndex = 1; lastKnownFileType = text.xcconfig; name = "Pods-openjarvis.debug.xcconfig"; path = "Pods/Target Support Files/Pods-openjarvis/Pods-openjarvis.debug.xcconfig"; sourceTree = "<group>"; };
		A70BEB95934136C522FC9698 /* Pods-openjarvis.release.xcconfig */ = {isa = PBXFileReference; includeInIndex = 1; lastKnownFileType = text.xcconfig; name = "Pods-openjarvis.release.xcconfig"; path = "Pods/Target Support Files/Pods-openjarvis/Pods-openjarvis.release.xcconfig"; sourceTree = "<group>"; };
		B59CFB2BD4C5847A73AA2DF2 /* Pods_openjarvis.framework */ = {isa = PBXFileReference; explicitFileType = wrapper.framework; includeInIndex = 0; path = Pods_openjarvis.framework; sourceTree = BUILT_PRODUCTS_DIR; };
/* End PBXFileReference section */

/* Begin PBXFrameworksBuildPhase section */
		2D34E2041EE45EA000D84B15 /* Frameworks */ = {
			isa = PBXFrameworksBuildPhase;
			buildActionMask = 2147483647;
			files = (
				DC9FF098A3EE4F552E2E424E /* Pods_openjarvis.framework in Frameworks */,
			);
			runOnlyForDeploymentPostprocessing = 0;
		};
/* End PBXFrameworksBuildPhase section */

/* Begin PBXGroup section */
		1989449932B8821AD90C612C /* Frameworks */ = {
			isa = PBXGroup;
			children = (
				B59CFB2BD4C5847A73AA2DF2 /* Pods_openjarvis.framework */,
			);
			name = Frameworks;
			sourceTree = "<group>";
		};
		2D235C061EE4B132003F7F1A /* images */ = {
			isa = PBXGroup;
			children = (
				2D235BF81EE4B126003F7F1A /* jarvis.png */,
				2D235BF91EE4B126003F7F1A /* jarvisWhite.png */,
				2D235BFA1EE4B126003F7F1A /* iconeOption.png */,
				2D235BFB1EE4B126003F7F1A /* blueBulle.png */,
				2D235BFC1EE4B126003F7F1A /* whiteBulle.png */,
				2D235BFD1EE4B126003F7F1A /* microphone.png */,
				2D235BFE1EE4B126003F7F1A /* engrenage.png */,
			);
			name = images;
			sourceTree = "<group>";
		};
		2D34E1FE1EE45EA000D84B15 = {
			isa = PBXGroup;
			children = (
				2D34E2091EE45EA000D84B15 /* openjarvis */,
				2D34E2081EE45EA000D84B15 /* Products */,
				D3A53449A3C9A939012A5ECD /* Pods */,
				1989449932B8821AD90C612C /* Frameworks */,
			);
			sourceTree = "<group>";
		};
		2D34E2081EE45EA000D84B15 /* Products */ = {
			isa = PBXGroup;
			children = (
				2D34E2071EE45EA000D84B15 /* openjarvis.app */,
			);
			name = Products;
			sourceTree = "<group>";
		};
		2D34E2091EE45EA000D84B15 /* openjarvis */ = {
			isa = PBXGroup;
			children = (
				2D34E21C1EE4671400D84B15 /* openjarvis.entitlements */,
				2D34E20A1EE45EA000D84B15 /* AppDelegate.swift */,
				2D34E20C1EE45EA000D84B15 /* ViewController.swift */,
				2D235BF51EE4AFFB003F7F1A /* gestionMessages.swift */,
				2D34E20E1EE45EA000D84B15 /* Main.storyboard */,
				2D34E2111EE45EA000D84B15 /* Assets.xcassets */,
				2D34E2131EE45EA000D84B15 /* LaunchScreen.storyboard */,
				2D34E2161EE45EA000D84B15 /* Info.plist */,
				2D235C061EE4B132003F7F1A /* images */,
			);
			path = openjarvis;
			sourceTree = "<group>";
		};
		D3A53449A3C9A939012A5ECD /* Pods */ = {
			isa = PBXGroup;
			children = (
				32A2250CBC7A623B983F01CC /* Pods-openjarvis.debug.xcconfig */,
				A70BEB95934136C522FC9698 /* Pods-openjarvis.release.xcconfig */,
			);
			name = Pods;
			sourceTree = "<group>";
		};
/* End PBXGroup section */

/* Begin PBXNativeTarget section */
		2D34E2061EE45EA000D84B15 /* openjarvis */ = {
			isa = PBXNativeTarget;
			buildConfigurationList = 2D34E2191EE45EA000D84B15 /* Build configuration list for PBXNativeTarget "openjarvis" */;
			buildPhases = (
				9E185D337364EB366175FB92 /* [CP] Check Pods Manifest.lock */,
				2D34E2031EE45EA000D84B15 /* Sources */,
				2D34E2041EE45EA000D84B15 /* Frameworks */,
				2D34E2051EE45EA000D84B15 /* Resources */,
				C1C81A6CA6CCAF9A6D1C3EE7 /* [CP] Embed Pods Frameworks */,
				0735785C25BB1D553BF272A9 /* [CP] Copy Pods Resources */,
			);
			buildRules = (
			);
			dependencies = (
			);
			name = openjarvis;
			productName = openjarvis;
			productReference = 2D34E2071EE45EA000D84B15 /* openjarvis.app */;
			productType = "com.apple.product-type.application";
		};
/* End PBXNativeTarget section */

/* Begin PBXProject section */
		2D34E1FF1EE45EA000D84B15 /* Project object */ = {
			isa = PBXProject;
			attributes = {
				LastSwiftUpdateCheck = 0830;
				LastUpgradeCheck = 0830;
				ORGANIZATIONNAME = SVInfo;
				TargetAttributes = {
					2D34E2061EE45EA000D84B15 = {
						CreatedOnToolsVersion = 8.3.2;
						DevelopmentTeam = Q735H4RZJ8;
						ProvisioningStyle = Automatic;
						SystemCapabilities = {
							com.apple.Siri = {
								enabled = 1;
							};
						};
					};
				};
			};
			buildConfigurationList = 2D34E2021EE45EA000D84B15 /* Build configuration list for PBXProject "openjarvis" */;
			compatibilityVersion = "Xcode 3.2";
			developmentRegion = English;
			hasScannedForEncodings = 0;
			knownRegions = (
				en,
				Base,
			);
			mainGroup = 2D34E1FE1EE45EA000D84B15;
			productRefGroup = 2D34E2081EE45EA000D84B15 /* Products */;
			projectDirPath = "";
			projectRoot = "";
			targets = (
				2D34E2061EE45EA000D84B15 /* openjarvis */,
			);
		};
/* End PBXProject section */

/* Begin PBXResourcesBuildPhase section */
		2D34E2051EE45EA000D84B15 /* Resources */ = {
			isa = PBXResourcesBuildPhase;
			buildActionMask = 2147483647;
			files = (
				2D235BFF1EE4B126003F7F1A /* jarvis.png in Resources */,
				2D235C011EE4B126003F7F1A /* iconeOption.png in Resources */,
				2D34E2151EE45EA000D84B15 /* LaunchScreen.storyboard in Resources */,
				2D235C041EE4B126003F7F1A /* microphone.png in Resources */,
				2D235C001EE4B126003F7F1A /* jarvisWhite.png in Resources */,
				2D34E2121EE45EA000D84B15 /* Assets.xcassets in Resources */,
				2D235C021EE4B126003F7F1A /* blueBulle.png in Resources */,
				2D235C031EE4B126003F7F1A /* whiteBulle.png in Resources */,
				2D235C051EE4B126003F7F1A /* engrenage.png in Resources */,
				2D34E2101EE45EA000D84B15 /* Main.storyboard in Resources */,
			);
			runOnlyForDeploymentPostprocessing = 0;
		};
/* End PBXResourcesBuildPhase section */

/* Begin PBXShellScriptBuildPhase section */
		0735785C25BB1D553BF272A9 /* [CP] Copy Pods Resources */ = {
			isa = PBXShellScriptBuildPhase;
			buildActionMask = 2147483647;
			files = (
			);
			inputPaths = (
			);
			name = "[CP] Copy Pods Resources";
			outputPaths = (
			);
			runOnlyForDeploymentPostprocessing = 0;
			shellPath = /bin/sh;
			shellScript = "\"${SRCROOT}/Pods/Target Support Files/Pods-openjarvis/Pods-openjarvis-resources.sh\"\n";
			showEnvVarsInLog = 0;
		};
		9E185D337364EB366175FB92 /* [CP] Check Pods Manifest.lock */ = {
			isa = PBXShellScriptBuildPhase;
			buildActionMask = 2147483647;
			files = (
			);
			inputPaths = (
			);
			name = "[CP] Check Pods Manifest.lock";
			outputPaths = (
			);
			runOnlyForDeploymentPostprocessing = 0;
			shellPath = /bin/sh;
			shellScript = "diff \"${PODS_PODFILE_DIR_PATH}/Podfile.lock\" \"${PODS_ROOT}/Manifest.lock\" > /dev/null\nif [ $? != 0 ] ; then\n    # print error to STDERR\n    echo \"error: The sandbox is not in sync with the Podfile.lock. Run 'pod install' or update your CocoaPods installation.\" >&2\n    exit 1\nfi\n";
			showEnvVarsInLog = 0;
		};
		C1C81A6CA6CCAF9A6D1C3EE7 /* [CP] Embed Pods Frameworks */ = {
			isa = PBXShellScriptBuildPhase;
			buildActionMask = 2147483647;
			files = (
			);
			inputPaths = (
			);
			name = "[CP] Embed Pods Frameworks";
			outputPaths = (
			);
			runOnlyForDeploymentPostprocessing = 0;
			shellPath = /bin/sh;
			shellScript = "\"${SRCROOT}/Pods/Target Support Files/Pods-openjarvis/Pods-openjarvis-frameworks.sh\"\n";
			showEnvVarsInLog = 0;
		};
/* End PBXShellScriptBuildPhase section */

/* Begin PBXSourcesBuildPhase section */
		2D34E2031EE45EA000D84B15 /* Sources */ = {
			isa = PBXSourcesBuildPhase;
			buildActionMask = 2147483647;
			files = (
				2D34E20D1EE45EA000D84B15 /* ViewController.swift in Sources */,
				2D235BF61EE4AFFB003F7F1A /* gestionMessages.swift in Sources */,
				2D34E20B1EE45EA000D84B15 /* AppDelegate.swift in Sources */,
			);
			runOnlyForDeploymentPostprocessing = 0;
		};
/* End PBXSourcesBuildPhase section */

/* Begin PBXVariantGroup section */
		2D34E20E1EE45EA000D84B15 /* Main.storyboard */ = {
			isa = PBXVariantGroup;
			children = (
				2D34E20F1EE45EA000D84B15 /* Base */,
			);
			name = Main.storyboard;
			sourceTree = "<group>";
		};
		2D34E2131EE45EA000D84B15 /* LaunchScreen.storyboard */ = {
			isa = PBXVariantGroup;
			children = (
				2D34E2141EE45EA000D84B15 /* Base */,
			);
			name = LaunchScreen.storyboard;
			sourceTree = "<group>";
		};
/* End PBXVariantGroup section */

/* Begin XCBuildConfiguration section */
		2D34E2171EE45EA000D84B15 /* Debug */ = {
			isa = XCBuildConfiguration;
			buildSettings = {
				ALWAYS_SEARCH_USER_PATHS = NO;
				CLANG_ANALYZER_NONNULL = YES;
				CLANG_ANALYZER_NUMBER_OBJECT_CONVERSION = YES_AGGRESSIVE;
				CLANG_CXX_LANGUAGE_STANDARD = "gnu++0x";
				CLANG_CXX_LIBRARY = "libc++";
				CLANG_ENABLE_MODULES = YES;
				CLANG_ENABLE_OBJC_ARC = YES;
				CLANG_WARN_BOOL_CONVERSION = YES;
				CLANG_WARN_CONSTANT_CONVERSION = YES;
				CLANG_WARN_DIRECT_OBJC_ISA_USAGE = YES_ERROR;
				CLANG_WARN_DOCUMENTATION_COMMENTS = YES;
				CLANG_WARN_EMPTY_BODY = YES;
				CLANG_WARN_ENUM_CONVERSION = YES;
				CLANG_WARN_INFINITE_RECURSION = YES;
				CLANG_WARN_INT_CONVERSION = YES;
				CLANG_WARN_OBJC_ROOT_CLASS = YES_ERROR;
				CLANG_WARN_SUSPICIOUS_MOVE = YES;
				CLANG_WARN_UNREACHABLE_CODE = YES;
				CLANG_WARN__DUPLICATE_METHOD_MATCH = YES;
				"CODE_SIGN_IDENTITY[sdk=iphoneos*]" = "iPhone Developer";
				COPY_PHASE_STRIP = NO;
				DEBUG_INFORMATION_FORMAT = dwarf;
				ENABLE_STRICT_OBJC_MSGSEND = YES;
				ENABLE_TESTABILITY = YES;
				GCC_C_LANGUAGE_STANDARD = gnu99;
				GCC_DYNAMIC_NO_PIC = NO;
				GCC_NO_COMMON_BLOCKS = YES;
				GCC_OPTIMIZATION_LEVEL = 0;
				GCC_PREPROCESSOR_DEFINITIONS = (
					"DEBUG=1",
					"$(inherited)",
				);
				GCC_WARN_64_TO_32_BIT_CONVERSION = YES;
				GCC_WARN_ABOUT_RETURN_TYPE = YES_ERROR;
				GCC_WARN_UNDECLARED_SELECTOR = YES;
				GCC_WARN_UNINITIALIZED_AUTOS = YES_AGGRESSIVE;
				GCC_WARN_UNUSED_FUNCTION = YES;
				GCC_WARN_UNUSED_VARIABLE = YES;
				IPHONEOS_DEPLOYMENT_TARGET = 10.3;
				MTL_ENABLE_DEBUG_INFO = YES;
				ONLY_ACTIVE_ARCH = YES;
				SDKROOT = iphoneos;
				SWIFT_ACTIVE_COMPILATION_CONDITIONS = DEBUG;
				SWIFT_OPTIMIZATION_LEVEL = "-Onone";
				TARGETED_DEVICE_FAMILY = "1,2";
			};
			name = Debug;
		};
		2D34E2181EE45EA000D84B15 /* Release */ = {
			isa = XCBuildConfiguration;
			buildSettings = {
				ALWAYS_SEARCH_USER_PATHS = NO;
				CLANG_ANALYZER_NONNULL = YES;
				CLANG_ANALYZER_NUMBER_OBJECT_CONVERSION = YES_AGGRESSIVE;
				CLANG_CXX_LANGUAGE_STANDARD = "gnu++0x";
				CLANG_CXX_LIBRARY = "libc++";
				CLANG_ENABLE_MODULES = YES;
				CLANG_ENABLE_OBJC_ARC = YES;
				CLANG_WARN_BOOL_CONVERSION = YES;
				CLANG_WARN_CONSTANT_CONVERSION = YES;
				CLANG_WARN_DIRECT_OBJC_ISA_USAGE = YES_ERROR;
				CLANG_WARN_DOCUMENTATION_COMMENTS = YES;
				CLANG_WARN_EMPTY_BODY = YES;
				CLANG_WARN_ENUM_CONVERSION = YES;
				CLANG_WARN_INFINITE_RECURSION = YES;
				CLANG_WARN_INT_CONVERSION = YES;
				CLANG_WARN_OBJC_ROOT_CLASS = YES_ERROR;
				CLANG_WARN_SUSPICIOUS_MOVE = YES;
				CLANG_WARN_UNREACHABLE_CODE = YES;
				CLANG_WARN__DUPLICATE_METHOD_MATCH = YES;
				"CODE_SIGN_IDENTITY[sdk=iphoneos*]" = "iPhone Developer";
				COPY_PHASE_STRIP = NO;
				DEBUG_INFORMATION_FORMAT = "dwarf-with-dsym";
				ENABLE_NS_ASSERTIONS = NO;
				ENABLE_STRICT_OBJC_MSGSEND = YES;
				GCC_C_LANGUAGE_STANDARD = gnu99;
				GCC_NO_COMMON_BLOCKS = YES;
				GCC_WARN_64_TO_32_BIT_CONVERSION = YES;
				GCC_WARN_ABOUT_RETURN_TYPE = YES_ERROR;
				GCC_WARN_UNDECLARED_SELECTOR = YES;
				GCC_WARN_UNINITIALIZED_AUTOS = YES_AGGRESSIVE;
				GCC_WARN_UNUSED_FUNCTION = YES;
				GCC_WARN_UNUSED_VARIABLE = YES;
				IPHONEOS_DEPLOYMENT_TARGET = 10.3;
				MTL_ENABLE_DEBUG_INFO = NO;
				SDKROOT = iphoneos;
				SWIFT_OPTIMIZATION_LEVEL = "-Owholemodule";
				TARGETED_DEVICE_FAMILY = "1,2";
				VALIDATE_PRODUCT = YES;
			};
			name = Release;
		};
		2D34E21A1EE45EA000D84B15 /* Debug */ = {
			isa = XCBuildConfiguration;
			baseConfigurationReference = 32A2250CBC7A623B983F01CC /* Pods-openjarvis.debug.xcconfig */;
			buildSettings = {
				ASSETCATALOG_COMPILER_APPICON_NAME = AppIcon;
				CODE_SIGN_ENTITLEMENTS = openjarvis/openjarvis.entitlements;
				DEVELOPMENT_TEAM = Q735H4RZJ8;
				INFOPLIST_FILE = openjarvis/Info.plist;
				LD_RUNPATH_SEARCH_PATHS = "$(inherited) @executable_path/Frameworks";
				PRODUCT_BUNDLE_IDENTIFIER = com.SVInfo.openjarvis;
				PRODUCT_NAME = "$(TARGET_NAME)";
				SWIFT_VERSION = 3.0;
			};
			name = Debug;
		};
		2D34E21B1EE45EA000D84B15 /* Release */ = {
			isa = XCBuildConfiguration;
			baseConfigurationReference = A70BEB95934136C522FC9698 /* Pods-openjarvis.release.xcconfig */;
			buildSettings = {
				ASSETCATALOG_COMPILER_APPICON_NAME = AppIcon;
				CODE_SIGN_ENTITLEMENTS = openjarvis/openjarvis.entitlements;
				DEVELOPMENT_TEAM = Q735H4RZJ8;
				INFOPLIST_FILE = openjarvis/Info.plist;
				LD_RUNPATH_SEARCH_PATHS = "$(inherited) @executable_path/Frameworks";
				PRODUCT_BUNDLE_IDENTIFIER = com.SVInfo.openjarvis;
				PRODUCT_NAME = "$(TARGET_NAME)";
				SWIFT_VERSION = 3.0;
			};
			name = Release;
		};
/* End XCBuildConfiguration section */

/* Begin XCConfigurationList section */
		2D34E2021EE45EA000D84B15 /* Build configuration list for PBXProject "openjarvis" */ = {
			isa = XCConfigurationList;
			buildConfigurations = (
				2D34E2171EE45EA000D84B15 /* Debug */,
				2D34E2181EE45EA000D84B15 /* Release */,
			);
			defaultConfigurationIsVisible = 0;
			defaultConfigurationName = Release;
		};
		2D34E2191EE45EA000D84B15 /* Build configuration list for PBXNativeTarget "openjarvis" */ = {
			isa = XCConfigurationList;
			buildConfigurations = (
				2D34E21A1EE45EA000D84B15 /* Debug */,
				2D34E21B1EE45EA000D84B15 /* Release */,
			);
			defaultConfigurationIsVisible = 0;
			defaultConfigurationName = Release;
		};
/* End XCConfigurationList section */
	};
	rootObject = 2D34E1FF1EE45EA000D84B15 /* Project object */;
}
